
Microsoft Visual Studio Solution File, Format Version 12.00
# Visual Studio 15
VisualStudioVersion = 15.0.28307.1062
MinimumVisualStudioVersion = 10.0.40219.1
Project("{FAE04EC0-301F-11D3-BF4B-00C04F79EFBC}") = "Ejercicio Patrones -1", "Ejercicio Patrones -1\Ejercicio Patrones -1.csproj", "{3747986E-5C06-4663-8803-1542AE2D59C9}"
EndProject
Project("{FAE04EC0-301F-11D3-BF4B-00C04F79EFBC}") = "logica", "logica\logica.csproj", "{C238B22A-ACCD-4FDE-8AAF-5E85E6BC867E}"
EndProject
Project("{FAE04EC0-301F-11D3-BF4B-00C04F79EFBC}") = "Persistencia", "Persistencia\Persistencia.csproj", "{03E9D85E-DF71-4371-95E6-E607F0C24FCF}"
EndProject
Global
	GlobalSection(SolutionConfigurationPlatforms) = preSolution
		Debug|Any CPU = Debug|Any CPU
		Release|Any CPU = Release|Any CPU
	EndGlobalSection
	GlobalSection(ProjectConfigurationPlatforms) = postSolution
		{3747986E-5C06-4663-8803-1542AE2D59C9}.Debug|Any CPU.ActiveCfg = Debug|Any CPU
		{3747986E-5C06-4663-8803-1542AE2D59C9}.Debug|Any CPU.Build.0 = Debug|Any CPU
		{3747986E-5C06-4663-8803-1542AE2D59C9}.Release|Any CPU.ActiveCfg = Release|Any CPU
		{3747986E-5C06-4663-8803-1542AE2D59C9}.Release|Any CPU.Build.0 = Release|Any CPU
		{C238B22A-ACCD-4FDE-8AAF-5E85E6BC867E}.Debug|Any CPU.ActiveCfg = Debug|Any CPU
		{C238B22A-ACCD-4FDE-8AAF-5E85E6BC867E}.Debug|Any CPU.Build.0 = Debug|Any CPU
		{C238B22A-ACCD-4FDE-8AAF-5E85E6BC867E}.Release|Any CPU.ActiveCfg = Release|Any CPU
		{C238B22A-ACCD-4FDE-8AAF-5E85E6BC867E}.Release|Any CPU.Build.0 = Release|Any CPU
		{03E9D85E-DF71-4371-95E6-E607F0C24FCF}.Debug|Any CPU.ActiveCfg = Debug|Any CPU
		{03E9D85E-DF71-4371-95E6-E607F0C24FCF}.Debug|Any CPU.Build.0 = Debug|Any CPU
		{03E9D85E-DF71-4371-95E6-E607F0C24FCF}.Release|Any CPU.ActiveCfg = Release|Any CPU
		{03E9D85E-DF71-4371-95E6-E607F0C24FCF}.Release|Any CPU.Build.0 = Release|Any CPU
	EndGlobalSection
	GlobalSection(SolutionProperties) = preSolution
		HideSolutionNode = FALSE
	EndGlobalSection
	GlobalSection(ExtensibilityGlobals) = postSolution
		SolutionGuid = {8C8156A9-E8F6-469D-B60A-42FE5675F6A3}
	EndGlobalSection
EndGlobal
